// !$*UTF8*$!
{
	archiveVersion = 1;
	classes = {
	};
	objectVersion = 50;
	objects = {

/* Begin PBXBuildFile section */
		5AF0B7CC26937671000B868D /* AppDelegate.swift in Sources */ = {isa = PBXBuildFile; fileRef = 5AF0B7CB26937671000B868D /* AppDelegate.swift */; };
		5AF0B7CE26937671000B868D /* SceneDelegate.swift in Sources */ = {isa = PBXBuildFile; fileRef = 5AF0B7CD26937671000B868D /* SceneDelegate.swift */; };
		5AF0B7D026937671000B868D /* ViewController.swift in Sources */ = {isa = PBXBuildFile; fileRef = 5AF0B7CF26937671000B868D /* ViewController.swift */; };
		5AF0B7D326937671000B868D /* Main.storyboard in Resources */ = {isa = PBXBuildFile; fileRef = 5AF0B7D126937671000B868D /* Main.storyboard */; };
		5AF0B7D626937671000B868D /* CoreDataExample.xcdatamodeld in Sources */ = {isa = PBXBuildFile; fileRef = 5AF0B7D426937671000B868D /* CoreDataExample.xcdatamodeld */; };
		5AF0B7D826937672000B868D /* Assets.xcassets in Resources */ = {isa = PBXBuildFile; fileRef = 5AF0B7D726937672000B868D /* Assets.xcassets */; };
		5AF0B7DB26937672000B868D /* LaunchScreen.storyboard in Resources */ = {isa = PBXBuildFile; fileRef = 5AF0B7D926937672000B868D /* LaunchScreen.storyboard */; };
		5AF0B7E626937672000B868D /* CoreDataExampleTests.swift in Sources */ = {isa = PBXBuildFile; fileRef = 5AF0B7E526937672000B868D /* CoreDataExampleTests.swift */; };
		5AF0B7F126937672000B868D /* CoreDataExampleUITests.swift in Sources */ = {isa = PBXBuildFile; fileRef = 5AF0B7F026937672000B868D /* CoreDataExampleUITests.swift */; };
/* End PBXBuildFile section */

/* Begin PBXContainerItemProxy section */
		5AF0B7E226937672000B868D /* PBXContainerItemProxy */ = {
			isa = PBXContainerItemProxy;
			containerPortal = 5AF0B7C026937671000B868D /* Project object */;
			proxyType = 1;
			remoteGlobalIDString = 5AF0B7C726937671000B868D;
			remoteInfo = CoreDataExample;
		};
		5AF0B7ED26937672000B868D /* PBXContainerItemProxy */ = {
			isa = PBXContainerItemProxy;
			containerPortal = 5AF0B7C026937671000B868D /* Project object */;
			proxyType = 1;
			remoteGlobalIDString = 5AF0B7C726937671000B868D;
			remoteInfo = CoreDataExample;
		};
/* End PBXContainerItemProxy section */

/* Begin PBXFileReference section */
		5AF0B7C826937671000B868D /* CoreDataExample.app */ = {isa = PBXFileReference; explicitFileType = wrapper.application; includeInIndex = 0; path = CoreDataExample.app; sourceTree = BUILT_PRODUCTS_DIR; };
		5AF0B7CB26937671000B868D /* AppDelegate.swift */ = {isa = PBXFileReference; lastKnownFileType = sourcecode.swift; path = AppDelegate.swift; sourceTree = "<group>"; };
		5AF0B7CD26937671000B868D /* SceneDelegate.swift */ = {isa = PBXFileReference; lastKnownFileType = sourcecode.swift; path = SceneDelegate.swift; sourceTree = "<group>"; };
		5AF0B7CF26937671000B868D /* ViewController.swift */ = {isa = PBXFileReference; lastKnownFileType = sourcecode.swift; path = ViewController.swift; sourceTree = "<group>"; };
		5AF0B7D226937671000B868D /* Base */ = {isa = PBXFileReference; lastKnownFileType = file.storyboard; name = Base; path = Base.lproj/Main.storyboard; sourceTree = "<group>"; };
		5AF0B7D526937671000B868D /* CoreDataExample.xcdatamodel */ = {isa = PBXFileReference; lastKnownFileType = wrapper.xcdatamodel; path = CoreDataExample.xcdatamodel; sourceTree = "<group>"; };
		5AF0B7D726937672000B868D /* Assets.xcassets */ = {isa = PBXFileReference; lastKnownFileType = folder.assetcatalog; path = Assets.xcassets; sourceTree = "<group>"; };
		5AF0B7DA26937672000B868D /* Base */ = {isa = PBXFileReference; lastKnownFileType = file.storyboard; name = Base; path = Base.lproj/LaunchScreen.storyboard; sourceTree = "<group>"; };
		5AF0B7DC26937672000B868D /* Info.plist */ = {isa = PBXFileReference; lastKnownFileType = text.plist.xml; path = Info.plist; sourceTree = "<group>"; };
		5AF0B7E126937672000B868D /* CoreDataExampleTests.xctest */ = {isa = PBXFileReference; explicitFileType = wrapper.cfbundle; includeInIndex = 0; path = CoreDataExampleTests.xctest; sourceTree = BUILT_PRODUCTS_DIR; };
		5AF0B7E526937672000B868D /* CoreDataExampleTests.swift */ = {isa = PBXFileReference; lastKnownFileType = sourcecode.swift; path = CoreDataExampleTests.swift; sourceTree = "<group>"; };
		5AF0B7E726937672000B868D /* Info.plist */ = {isa = PBXFileReference; lastKnownFileType = text.plist.xml; path = Info.plist; sourceTree = "<group>"; };
		5AF0B7EC26937672000B868D /* CoreDataExampleUITests.xctest */ = {isa = PBXFileReference; explicitFileType = wrapper.cfbundle; includeInIndex = 0; path = CoreDataExampleUITests.xctest; sourceTree = BUILT_PRODUCTS_DIR; };
		5AF0B7F026937672000B868D /* CoreDataExampleUITests.swift */ = {isa = PBXFileReference; lastKnownFileType = sourcecode.swift; path = CoreDataExampleUITests.swift; sourceTree = "<group>"; };
		5AF0B7F226937672000B868D /* Info.plist */ = {isa = PBXFileReference; lastKnownFileType = text.plist.xml; path = Info.plist; sourceTree = "<group>"; };
/* End PBXFileReference section */

/* Begin PBXFrameworksBuildPhase section */
		5AF0B7C526937671000B868D /* Frameworks */ = {
			isa = PBXFrameworksBuildPhase;
			buildActionMask = 2147483647;
			files = (
			);
			runOnlyForDeploymentPostprocessing = 0;
		};
		5AF0B7DE26937672000B868D /* Frameworks */ = {
			isa = PBXFrameworksBuildPhase;
			buildActionMask = 2147483647;
			files = (
			);
			runOnlyForDeploymentPostprocessing = 0;
		};
		5AF0B7E926937672000B868D /* Frameworks */ = {
			isa = PBXFrameworksBuildPhase;
			buildActionMask = 2147483647;
			files = (
			);
			runOnlyForDeploymentPostprocessing = 0;
		};
/* End PBXFrameworksBuildPhase section */

/* Begin PBXGroup section */
		5AF0B7BF26937671000B868D = {
			isa = PBXGroup;
			children = (
				5AF0B7CA26937671000B868D /* CoreDataExample */,
				5AF0B7E426937672000B868D /* CoreDataExampleTests */,
				5AF0B7EF26937672000B868D /* CoreDataExampleUITests */,
				5AF0B7C926937671000B868D /* Products */,
			);
			sourceTree = "<group>";
		};
		5AF0B7C926937671000B868D /* Products */ = {
			isa = PBXGroup;
			children = (
				5AF0B7C826937671000B868D /* CoreDataExample.app */,
				5AF0B7E126937672000B868D /* CoreDataExampleTests.xctest */,
				5AF0B7EC26937672000B868D /* CoreDataExampleUITests.xctest */,
			);
			name = Products;
			sourceTree = "<group>";
		};
		5AF0B7CA26937671000B868D /* CoreDataExample */ = {
			isa = PBXGroup;
			children = (
				5AF0B7CB26937671000B868D /* AppDelegate.swift */,
				5AF0B7CD26937671000B868D /* SceneDelegate.swift */,
				5AF0B7CF26937671000B868D /* ViewController.swift */,
				5AF0B7D126937671000B868D /* Main.storyboard */,
				5AF0B7D726937672000B868D /* Assets.xcassets */,
				5AF0B7D926937672000B868D /* LaunchScreen.storyboard */,
				5AF0B7DC26937672000B868D /* Info.plist */,
				5AF0B7D426937671000B868D /* CoreDataExample.xcdatamodeld */,
			);
			path = CoreDataExample;
			sourceTree = "<group>";
		};
		5AF0B7E426937672000B868D /* CoreDataExampleTests */ = {
			isa = PBXGroup;
			children = (
				5AF0B7E526937672000B868D /* CoreDataExampleTests.swift */,
				5AF0B7E726937672000B868D /* Info.plist */,
			);
			path = CoreDataExampleTests;
			sourceTree = "<group>";
		};
		5AF0B7EF26937672000B868D /* CoreDataExampleUITests */ = {
			isa = PBXGroup;
			children = (
				5AF0B7F026937672000B868D /* CoreDataExampleUITests.swift */,
				5AF0B7F226937672000B868D /* Info.plist */,
			);
			path = CoreDataExampleUITests;
			sourceTree = "<group>";
		};
/* End PBXGroup section */

/* Begin PBXNativeTarget section */
		5AF0B7C726937671000B868D /* CoreDataExample */ = {
			isa = PBXNativeTarget;
			buildConfigurationList = 5AF0B7F526937672000B868D /* Build configuration list for PBXNativeTarget "CoreDataExample" */;
			buildPhases = (
				5AF0B7C426937671000B868D /* Sources */,
				5AF0B7C526937671000B868D /* Frameworks */,
				5AF0B7C626937671000B868D /* Resources */,
			);
			buildRules = (
			);
			dependencies = (
			);
			name = CoreDataExample;
			productName = CoreDataExample;
			productReference = 5AF0B7C826937671000B868D /* CoreDataExample.app */;
			productType = "com.apple.product-type.application";
		};
		5AF0B7E026937672000B868D /* CoreDataExampleTests */ = {
			isa = PBXNativeTarget;
			buildConfigurationList = 5AF0B7F826937672000B868D /* Build configuration list for PBXNativeTarget "CoreDataExampleTests" */;
			buildPhases = (
				5AF0B7DD26937672000B868D /* Sources */,
				5AF0B7DE26937672000B868D /* Frameworks */,
				5AF0B7DF26937672000B868D /* Resources */,
			);
			buildRules = (
			);
			dependencies = (
				5AF0B7E326937672000B868D /* PBXTargetDependency */,
			);
			name = CoreDataExampleTests;
			productName = CoreDataExampleTests;
			productReference = 5AF0B7E126937672000B868D /* CoreDataExampleTests.xctest */;
			productType = "com.apple.product-type.bundle.unit-test";
		};
		5AF0B7EB26937672000B868D /* CoreDataExampleUITests */ = {
			isa = PBXNativeTarget;
			buildConfigurationList = 5AF0B7FB26937672000B868D /* Build configuration list for PBXNativeTarget "CoreDataExampleUITests" */;
			buildPhases = (
				5AF0B7E826937672000B868D /* Sources */,
				5AF0B7E926937672000B868D /* Frameworks */,
				5AF0B7EA26937672000B868D /* Resources */,
			);
			buildRules = (
			);
			dependencies = (
				5AF0B7EE26937672000B868D /* PBXTargetDependency */,
			);
			name = CoreDataExampleUITests;
			productName = CoreDataExampleUITests;
			productReference = 5AF0B7EC26937672000B868D /* CoreDataExampleUITests.xctest */;
			productType = "com.apple.product-type.bundle.ui-testing";
		};
/* End PBXNativeTarget section */

/* Begin PBXProject section */
		5AF0B7C026937671000B868D /* Project object */ = {
			isa = PBXProject;
			attributes = {
				LastSwiftUpdateCheck = 1250;
				LastUpgradeCheck = 1250;
				TargetAttributes = {
					5AF0B7C726937671000B868D = {
						CreatedOnToolsVersion = 12.5.1;
					};
					5AF0B7E026937672000B868D = {
						CreatedOnToolsVersion = 12.5.1;
						TestTargetID = 5AF0B7C726937671000B868D;
					};
					5AF0B7EB26937672000B868D = {
						CreatedOnToolsVersion = 12.5.1;
						TestTargetID = 5AF0B7C726937671000B868D;
					};
				};
			};
			buildConfigurationList = 5AF0B7C326937671000B868D /* Build configuration list for PBXProject "CoreDataExample" */;
			compatibilityVersion = "Xcode 9.3";
			developmentRegion = en;
			hasScannedForEncodings = 0;
			knownRegions = (
				en,
				Base,
			);
			mainGroup = 5AF0B7BF26937671000B868D;
			productRefGroup = 5AF0B7C926937671000B868D /* Products */;
			projectDirPath = "";
			projectRoot = "";
			targets = (
				5AF0B7C726937671000B868D /* CoreDataExample */,
				5AF0B7E026937672000B868D /* CoreDataExampleTests */,
				5AF0B7EB26937672000B868D /* CoreDataExampleUITests */,
			);
		};
/* End PBXProject section */

/* Begin PBXResourcesBuildPhase section */
		5AF0B7C626937671000B868D /* Resources */ = {
			isa = PBXResourcesBuildPhase;
			buildActionMask = 2147483647;
			files = (
				5AF0B7DB26937672000B868D /* LaunchScreen.storyboard in Resources */,
				5AF0B7D826937672000B868D /* Assets.xcassets in Resources */,
				5AF0B7D326937671000B868D /* Main.storyboard in Resources */,
			);
			runOnlyForDeploymentPostprocessing = 0;
		};
		5AF0B7DF26937672000B868D /* Resources */ = {
			isa = PBXResourcesBuildPhase;
			buildActionMask = 2147483647;
			files = (
			);
			runOnlyForDeploymentPostprocessing = 0;
		};
		5AF0B7EA26937672000B868D /* Resources */ = {
			isa = PBXResourcesBuildPhase;
			buildActionMask = 2147483647;
			files = (
			);
			runOnlyForDeploymentPostprocessing = 0;
		};
/* End PBXResourcesBuildPhase section */

/* Begin PBXSourcesBuildPhase section */
		5AF0B7C426937671000B868D /* Sources */ = {
			isa = PBXSourcesBuildPhase;
			buildActionMask = 2147483647;
			files = (
				5AF0B7D026937671000B868D /* ViewController.swift in Sources */,
				5AF0B7CC26937671000B868D /* AppDelegate.swift in Sources */,
				5AF0B7CE26937671000B868D /* SceneDelegate.swift in Sources */,
				5AF0B7D626937671000B868D /* CoreDataExample.xcdatamodeld in Sources */,
			);
			runOnlyForDeploymentPostprocessing = 0;
		};
		5AF0B7DD26937672000B868D /* Sources */ = {
			isa = PBXSourcesBuildPhase;
			buildActionMask = 2147483647;
			files = (
				5AF0B7E626937672000B868D /* CoreDataExampleTests.swift in Sources */,
			);
			runOnlyForDeploymentPostprocessing = 0;
		};
		5AF0B7E826937672000B868D /* Sources */ = {
			isa = PBXSourcesBuildPhase;
			buildActionMask = 2147483647;
			files = (
				5AF0B7F126937672000B868D /* CoreDataExampleUITests.swift in Sources */,
			);
			runOnlyForDeploymentPostprocessing = 0;
		};
/* End PBXSourcesBuildPhase section */

/* Begin PBXTargetDependency section */
		5AF0B7E326937672000B868D /* PBXTargetDependency */ = {
			isa = PBXTargetDependency;
			target = 5AF0B7C726937671000B868D /* CoreDataExample */;
			targetProxy = 5AF0B7E226937672000B868D /* PBXContainerItemProxy */;
		};
		5AF0B7EE26937672000B868D /* PBXTargetDependency */ = {
			isa = PBXTargetDependency;
			target = 5AF0B7C726937671000B868D /* CoreDataExample */;
			targetProxy = 5AF0B7ED26937672000B868D /* PBXContainerItemProxy */;
		};
/* End PBXTargetDependency section */

/* Begin PBXVariantGroup section */
		5AF0B7D126937671000B868D /* Main.storyboard */ = {
			isa = PBXVariantGroup;
			children = (
				5AF0B7D226937671000B868D /* Base */,
			);
			name = Main.storyboard;
			sourceTree = "<group>";
		};
		5AF0B7D926937672000B868D /* LaunchScreen.storyboard */ = {
			isa = PBXVariantGroup;
			children = (
				5AF0B7DA26937672000B868D /* Base */,
			);
			name = LaunchScreen.storyboard;
			sourceTree = "<group>";
		};
/* End PBXVariantGroup section */

/* Begin XCBuildConfiguration section */
		5AF0B7F326937672000B868D /* Debug */ = {
			isa = XCBuildConfiguration;
			buildSettings = {
				ALWAYS_SEARCH_USER_PATHS = NO;
				CLANG_ANALYZER_NONNULL = YES;
				CLANG_ANALYZER_NUMBER_OBJECT_CONVERSION = YES_AGGRESSIVE;
				CLANG_CXX_LANGUAGE_STANDARD = "gnu++14";
				CLANG_CXX_LIBRARY = "libc++";
				CLANG_ENABLE_MODULES = YES;
				CLANG_ENABLE_OBJC_ARC = YES;
				CLANG_ENABLE_OBJC_WEAK = YES;
				CLANG_WARN_BLOCK_CAPTURE_AUTORELEASING = YES;
				CLANG_WARN_BOOL_CONVERSION = YES;
				CLANG_WARN_COMMA = YES;
				CLANG_WARN_CONSTANT_CONVERSION = YES;
				CLANG_WARN_DEPRECATED_OBJC_IMPLEMENTATIONS = YES;
				CLANG_WARN_DIRECT_OBJC_ISA_USAGE = YES_ERROR;
				CLANG_WARN_DOCUMENTATION_COMMENTS = YES;
				CLANG_WARN_EMPTY_BODY = YES;
				CLANG_WARN_ENUM_CONVERSION = YES;
				CLANG_WARN_INFINITE_RECURSION = YES;
				CLANG_WARN_INT_CONVERSION = YES;
				CLANG_WARN_NON_LITERAL_NULL_CONVERSION = YES;
				CLANG_WARN_OBJC_IMPLICIT_RETAIN_SELF = YES;
				CLANG_WARN_OBJC_LITERAL_CONVERSION = YES;
				CLANG_WARN_OBJC_ROOT_CLASS = YES_ERROR;
				CLANG_WARN_QUOTED_INCLUDE_IN_FRAMEWORK_HEADER = YES;
				CLANG_WARN_RANGE_LOOP_ANALYSIS = YES;
				CLANG_WARN_STRICT_PROTOTYPES = YES;
				CLANG_WARN_SUSPICIOUS_MOVE = YES;
				CLANG_WARN_UNGUARDED_AVAILABILITY = YES_AGGRESSIVE;
				CLANG_WARN_UNREACHABLE_CODE = YES;
				CLANG_WARN__DUPLICATE_METHOD_MATCH = YES;
				COPY_PHASE_STRIP = NO;
				DEBUG_INFORMATION_FORMAT = dwarf;
				ENABLE_STRICT_OBJC_MSGSEND = YES;
				ENABLE_TESTABILITY = YES;
				GCC_C_LANGUAGE_STANDARD = gnu11;
				GCC_DYNAMIC_NO_PIC = NO;
				GCC_NO_COMMON_BLOCKS = YES;
				GCC_OPTIMIZATION_LEVEL = 0;
				GCC_PREPROCESSOR_DEFINITIONS = (
					"DEBUG=1",
					"$(inherited)",
				);
				GCC_WARN_64_TO_32_BIT_CONVERSION = YES;
				GCC_WARN_ABOUT_RETURN_TYPE = YES_ERROR;
				GCC_WARN_UNDECLARED_SELECTOR = YES;
				GCC_WARN_UNINITIALIZED_AUTOS = YES_AGGRESSIVE;
				GCC_WARN_UNUSED_FUNCTION = YES;
				GCC_WARN_UNUSED_VARIABLE = YES;
				IPHONEOS_DEPLOYMENT_TARGET = 14.5;
				MTL_ENABLE_DEBUG_INFO = INCLUDE_SOURCE;
				MTL_FAST_MATH = YES;
				ONLY_ACTIVE_ARCH = YES;
				SDKROOT = iphoneos;
				SWIFT_ACTIVE_COMPILATION_CONDITIONS = DEBUG;
				SWIFT_OPTIMIZATION_LEVEL = "-Onone";
			};
			name = Debug;
		};
		5AF0B7F426937672000B868D /* Release */ = {
			isa = XCBuildConfiguration;
			buildSettings = {
				ALWAYS_SEARCH_USER_PATHS = NO;
				CLANG_ANALYZER_NONNULL = YES;
				CLANG_ANALYZER_NUMBER_OBJECT_CONVERSION = YES_AGGRESSIVE;
				CLANG_CXX_LANGUAGE_STANDARD = "gnu++14";
				CLANG_CXX_LIBRARY = "libc++";
				CLANG_ENABLE_MODULES = YES;
				CLANG_ENABLE_OBJC_ARC = YES;
				CLANG_ENABLE_OBJC_WEAK = YES;
				CLANG_WARN_BLOCK_CAPTURE_AUTORELEASING = YES;
				CLANG_WARN_BOOL_CONVERSION = YES;
				CLANG_WARN_COMMA = YES;
				CLANG_WARN_CONSTANT_CONVERSION = YES;
				CLANG_WARN_DEPRECATED_OBJC_IMPLEMENTATIONS = YES;
				CLANG_WARN_DIRECT_OBJC_ISA_USAGE = YES_ERROR;
				CLANG_WARN_DOCUMENTATION_COMMENTS = YES;
				CLANG_WARN_EMPTY_BODY = YES;
				CLANG_WARN_ENUM_CONVERSION = YES;
				CLANG_WARN_INFINITE_RECURSION = YES;
				CLANG_WARN_INT_CONVERSION = YES;
				CLANG_WARN_NON_LITERAL_NULL_CONVERSION = YES;
				CLANG_WARN_OBJC_IMPLICIT_RETAIN_SELF = YES;
				CLANG_WARN_OBJC_LITERAL_CONVERSION = YES;
				CLANG_WARN_OBJC_ROOT_CLASS = YES_ERROR;
				CLANG_WARN_QUOTED_INCLUDE_IN_FRAMEWORK_HEADER = YES;
				CLANG_WARN_RANGE_LOOP_ANALYSIS = YES;
				CLANG_WARN_STRICT_PROTOTYPES = YES;
				CLANG_WARN_SUSPICIOUS_MOVE = YES;
				CLANG_WARN_UNGUARDED_AVAILABILITY = YES_AGGRESSIVE;
				CLANG_WARN_UNREACHABLE_CODE = YES;
				CLANG_WARN__DUPLICATE_METHOD_MATCH = YES;
				COPY_PHASE_STRIP = NO;
				DEBUG_INFORMATION_FORMAT = "dwarf-with-dsym";
				ENABLE_NS_ASSERTIONS = NO;
				ENABLE_STRICT_OBJC_MSGSEND = YES;
				GCC_C_LANGUAGE_STANDARD = gnu11;
				GCC_NO_COMMON_BLOCKS = YES;
				GCC_WARN_64_TO_32_BIT_CONVERSION = YES;
				GCC_WARN_ABOUT_RETURN_TYPE = YES_ERROR;
				GCC_WARN_UNDECLARED_SELECTOR = YES;
				GCC_WARN_UNINITIALIZED_AUTOS = YES_AGGRESSIVE;
				GCC_WARN_UNUSED_FUNCTION = YES;
				GCC_WARN_UNUSED_VARIABLE = YES;
				IPHONEOS_DEPLOYMENT_TARGET = 14.5;
				MTL_ENABLE_DEBUG_INFO = NO;
				MTL_FAST_MATH = YES;
				SDKROOT = iphoneos;
				SWIFT_COMPILATION_MODE = wholemodule;
				SWIFT_OPTIMIZATION_LEVEL = "-O";
				VALIDATE_PRODUCT = YES;
			};
			name = Release;
		};
		5AF0B7F626937672000B868D /* Debug */ = {
			isa = XCBuildConfiguration;
			buildSettings = {
				ASSETCATALOG_COMPILER_APPICON_NAME = AppIcon;
				ASSETCATALOG_COMPILER_GLOBAL_ACCENT_COLOR_NAME = AccentColor;
				CODE_SIGN_STYLE = Automatic;
				DEVELOPMENT_TEAM = SL8XHPVUK3;
				INFOPLIST_FILE = CoreDataExample/Info.plist;
				LD_RUNPATH_SEARCH_PATHS = (
					"$(inherited)",
					"@executable_path/Frameworks",
				);
				PRODUCT_BUNDLE_IDENTIFIER = com.hasan.CoreDataExample;
				PRODUCT_NAME = "$(TARGET_NAME)";
				SWIFT_VERSION = 5.0;
				TARGETED_DEVICE_FAMILY = "1,2";
			};
			name = Debug;
		};
		5AF0B7F726937672000B868D /* Release */ = {
			isa = XCBuildConfiguration;
			buildSettings = {
				ASSETCATALOG_COMPILER_APPICON_NAME = AppIcon;
				ASSETCATALOG_COMPILER_GLOBAL_ACCENT_COLOR_NAME = AccentColor;
				CODE_SIGN_STYLE = Automatic;
				DEVELOPMENT_TEAM = SL8XHPVUK3;
				INFOPLIST_FILE = CoreDataExample/Info.plist;
				LD_RUNPATH_SEARCH_PATHS = (
					"$(inherited)",
					"@executable_path/Frameworks",
				);
				PRODUCT_BUNDLE_IDENTIFIER = com.hasan.CoreDataExample;
				PRODUCT_NAME = "$(TARGET_NAME)";
				SWIFT_VERSION = 5.0;
				TARGETED_DEVICE_FAMILY = "1,2";
			};
			name = Release;
		};
		5AF0B7F926937672000B868D /* Debug */ = {
			isa = XCBuildConfiguration;
			buildSettings = {
				ALWAYS_EMBED_SWIFT_STANDARD_LIBRARIES = YES;
				BUNDLE_LOADER = "$(TEST_HOST)";
				CODE_SIGN_STYLE = Automatic;
				DEVELOPMENT_TEAM = SL8XHPVUK3;
				INFOPLIST_FILE = CoreDataExampleTests/Info.plist;
				IPHONEOS_DEPLOYMENT_TARGET = 14.5;
				LD_RUNPATH_SEARCH_PATHS = (
					"$(inherited)",
					"@executable_path/Frameworks",
					"@loader_path/Frameworks",
				);
				PRODUCT_BUNDLE_IDENTIFIER = com.hasan.CoreDataExampleTests;
				PRODUCT_NAME = "$(TARGET_NAME)";
				SWIFT_VERSION = 5.0;
				TARGETED_DEVICE_FAMILY = "1,2";
				TEST_HOST = "$(BUILT_PRODUCTS_DIR)/CoreDataExample.app/CoreDataExample";
			};
			name = Debug;
		};
		5AF0B7FA26937672000B868D /* Release */ = {
			isa = XCBuildConfiguration;
			buildSettings = {
				ALWAYS_EMBED_SWIFT_STANDARD_LIBRARIES = YES;
				BUNDLE_LOADER = "$(TEST_HOST)";
				CODE_SIGN_STYLE = Automatic;
				DEVELOPMENT_TEAM = SL8XHPVUK3;
				INFOPLIST_FILE = CoreDataExampleTests/Info.plist;
				IPHONEOS_DEPLOYMENT_TARGET = 14.5;
				LD_RUNPATH_SEARCH_PATHS = (
					"$(inherited)",
					"@executable_path/Frameworks",
					"@loader_path/Frameworks",
				);
				PRODUCT_BUNDLE_IDENTIFIER = com.hasan.CoreDataExampleTests;
				PRODUCT_NAME = "$(TARGET_NAME)";
				SWIFT_VERSION = 5.0;
				TARGETED_DEVICE_FAMILY = "1,2";
				TEST_HOST = "$(BUILT_PRODUCTS_DIR)/CoreDataExample.app/CoreDataExample";
			};
			name = Release;
		};
		5AF0B7FC26937672000B868D /* Debug */ = {
			isa = XCBuildConfiguration;
			buildSettings = {
				ALWAYS_EMBED_SWIFT_STANDARD_LIBRARIES = YES;
				CODE_SIGN_STYLE = Automatic;
				DEVELOPMENT_TEAM = SL8XHPVUK3;
				INFOPLIST_FILE = CoreDataExampleUITests/Info.plist;
				LD_RUNPATH_SEARCH_PATHS = (
					"$(inherited)",
					"@executable_path/Frameworks",
					"@loader_path/Frameworks",
				);
				PRODUCT_BUNDLE_IDENTIFIER = com.hasan.CoreDataExampleUITests;
				PRODUCT_NAME = "$(TARGET_NAME)";
				SWIFT_VERSION = 5.0;
				TARGETED_DEVICE_FAMILY = "1,2";
				TEST_TARGET_NAME = CoreDataExample;
			};
			name = Debug;
		};
		5AF0B7FD26937672000B868D /* Release */ = {
			isa = XCBuildConfiguration;
			buildSettings = {
				ALWAYS_EMBED_SWIFT_STANDARD_LIBRARIES = YES;
				CODE_SIGN_STYLE = Automatic;
				DEVELOPMENT_TEAM = SL8XHPVUK3;
				INFOPLIST_FILE = CoreDataExampleUITests/Info.plist;
				LD_RUNPATH_SEARCH_PATHS = (
					"$(inherited)",
					"@executable_path/Frameworks",
					"@loader_path/Frameworks",
				);
				PRODUCT_BUNDLE_IDENTIFIER = com.hasan.CoreDataExampleUITests;
				PRODUCT_NAME = "$(TARGET_NAME)";
				SWIFT_VERSION = 5.0;
				TARGETED_DEVICE_FAMILY = "1,2";
				TEST_TARGET_NAME = CoreDataExample;
			};
			name = Release;
		};
/* End XCBuildConfiguration section */

/* Begin XCConfigurationList section */
		5AF0B7C326937671000B868D /* Build configuration list for PBXProject "CoreDataExample" */ = {
			isa = XCConfigurationList;
			buildConfigurations = (
				5AF0B7F326937672000B868D /* Debug */,
				5AF0B7F426937672000B868D /* Release */,
			);
			defaultConfigurationIsVisible = 0;
			defaultConfigurationName = Release;
		};
		5AF0B7F526937672000B868D /* Build configuration list for PBXNativeTarget "CoreDataExample" */ = {
			isa = XCConfigurationList;
			buildConfigurations = (
				5AF0B7F626937672000B868D /* Debug */,
				5AF0B7F726937672000B868D /* Release */,
			);
			defaultConfigurationIsVisible = 0;
			defaultConfigurationName = Release;
		};
		5AF0B7F826937672000B868D /* Build configuration list for PBXNativeTarget "CoreDataExampleTests" */ = {
			isa = XCConfigurationList;
			buildConfigurations = (
				5AF0B7F926937672000B868D /* Debug */,
				5AF0B7FA26937672000B868D /* Release */,
			);
			defaultConfigurationIsVisible = 0;
			defaultConfigurationName = Release;
		};
		5AF0B7FB26937672000B868D /* Build configuration list for PBXNativeTarget "CoreDataExampleUITests" */ = {
			isa = XCConfigurationList;
			buildConfigurations = (
				5AF0B7FC26937672000B868D /* Debug */,
				5AF0B7FD26937672000B868D /* Release */,
			);
			defaultConfigurationIsVisible = 0;
			defaultConfigurationName = Release;
		};
/* End XCConfigurationList section */

/* Begin XCVersionGroup section */
		5AF0B7D426937671000B868D /* CoreDataExample.xcdatamodeld */ = {
			isa = XCVersionGroup;
			children = (
				5AF0B7D526937671000B868D /* CoreDataExample.xcdatamodel */,
			);
			currentVersion = 5AF0B7D526937671000B868D /* CoreDataExample.xcdatamodel */;
			path = CoreDataExample.xcdatamodeld;
			sourceTree = "<group>";
			versionGroupType = wrapper.xcdatamodel;
		};
/* End XCVersionGroup section */
	};
	rootObject = 5AF0B7C026937671000B868D /* Project object */;
}
